
Microsoft Visual Studio Solution File, Format Version 12.00
# Visual Studio Version 17
VisualStudioVersion = 17.14.36408.4 d17.14
MinimumVisualStudioVersion = 10.0.40219.1
Project("{FAE04EC0-301F-11D3-BF4B-00C04F79EFBC}") = "ECommerceApp.Web", "ECommerceApp\ECommerceApp.Web.csproj", "{95639CF6-6523-4C12-B430-79C4D075540D}"
EndProject
Project("{FAE04EC0-301F-11D3-BF4B-00C04F79EFBC}") = "ECommerceApp.Core", "..\ECommerceApp.Core\ECommerceApp.Core\ECommerceApp.Core.csproj", "{DC3A1A50-51D1-B1CB-B1FC-D99453EB3ECF}"
EndProject
Global
	GlobalSection(SolutionConfigurationPlatforms) = preSolution
		Debug|Any CPU = Debug|Any CPU
		Release|Any CPU = Release|Any CPU
	EndGlobalSection
	GlobalSection(ProjectConfigurationPlatforms) = postSolution
		{95639CF6-6523-4C12-B430-79C4D075540D}.Debug|Any CPU.ActiveCfg = Debug|Any CPU
		{95639CF6-6523-4C12-B430-79C4D075540D}.Debug|Any CPU.Build.0 = Debug|Any CPU
		{95639CF6-6523-4C12-B430-79C4D075540D}.Release|Any CPU.ActiveCfg = Release|Any CPU
		{95639CF6-6523-4C12-B430-79C4D075540D}.Release|Any CPU.Build.0 = Release|Any CPU
		{DC3A1A50-51D1-B1CB-B1FC-D99453EB3ECF}.Debug|Any CPU.ActiveCfg = Debug|Any CPU
		{DC3A1A50-51D1-B1CB-B1FC-D99453EB3ECF}.Debug|Any CPU.Build.0 = Debug|Any CPU
		{DC3A1A50-51D1-B1CB-B1FC-D99453EB3ECF}.Release|Any CPU.ActiveCfg = Release|Any CPU
		{DC3A1A50-51D1-B1CB-B1FC-D99453EB3ECF}.Release|Any CPU.Build.0 = Release|Any CPU
	EndGlobalSection
	GlobalSection(SolutionProperties) = preSolution
		HideSolutionNode = FALSE
	EndGlobalSection
	GlobalSection(ExtensibilityGlobals) = postSolution
		SolutionGuid = {E93CD9DA-D5CE-405F-8900-7D58A3FFFEE9}
	EndGlobalSection
EndGlobal
